// !$*UTF8*$!
{
	archiveVersion = 1;
	classes = {
	};
	objectVersion = 55;
	objects = {

/* Begin PBXBuildFile section */
		39C2CE892864583B00FF871A /* AppDelegate.swift in Sources */ = {isa = PBXBuildFile; fileRef = 39C2CE882864583B00FF871A /* AppDelegate.swift */; };
		39C2CE8B2864583B00FF871A /* SceneDelegate.swift in Sources */ = {isa = PBXBuildFile; fileRef = 39C2CE8A2864583B00FF871A /* SceneDelegate.swift */; };
		39C2CE8D2864583B00FF871A /* MainViewController.swift in Sources */ = {isa = PBXBuildFile; fileRef = 39C2CE8C2864583B00FF871A /* MainViewController.swift */; };
		39C2CE902864583B00FF871A /* Main.storyboard in Resources */ = {isa = PBXBuildFile; fileRef = 39C2CE8E2864583B00FF871A /* Main.storyboard */; };
		39C2CE922864583C00FF871A /* Assets.xcassets in Resources */ = {isa = PBXBuildFile; fileRef = 39C2CE912864583C00FF871A /* Assets.xcassets */; };
		39C2CE952864583C00FF871A /* LaunchScreen.storyboard in Resources */ = {isa = PBXBuildFile; fileRef = 39C2CE932864583C00FF871A /* LaunchScreen.storyboard */; };
		39C957C528766C1800A04A2B /* HTTPMethod.swift in Sources */ = {isa = PBXBuildFile; fileRef = 39C957C428766C1800A04A2B /* HTTPMethod.swift */; };
		39C957C72876BDDF00A04A2B /* APIEnvironment.swift in Sources */ = {isa = PBXBuildFile; fileRef = 39C957C62876BDDF00A04A2B /* APIEnvironment.swift */; };
		39C957C92876BE8000A04A2B /* NetworkError.swift in Sources */ = {isa = PBXBuildFile; fileRef = 39C957C82876BE8000A04A2B /* NetworkError.swift */; };
		39C957CB2876BF8100A04A2B /* NetworkRequest.swift in Sources */ = {isa = PBXBuildFile; fileRef = 39C957CA2876BF8100A04A2B /* NetworkRequest.swift */; };
		39C957E3287A9CAC00A04A2B /* String+Extension.swift in Sources */ = {isa = PBXBuildFile; fileRef = 39C957E2287A9CAC00A04A2B /* String+Extension.swift */; };
		39C957E7287A9D1D00A04A2B /* Date+Extension.swift in Sources */ = {isa = PBXBuildFile; fileRef = 39C957E6287A9D1D00A04A2B /* Date+Extension.swift */; };
		39C957E9287A9E9D00A04A2B /* UIColor+Extension.swift in Sources */ = {isa = PBXBuildFile; fileRef = 39C957E8287A9E9D00A04A2B /* UIColor+Extension.swift */; };
/* End PBXBuildFile section */

/* Begin PBXFileReference section */
		39C2CE852864583B00FF871A /* UIKit_template.app */ = {isa = PBXFileReference; explicitFileType = wrapper.application; includeInIndex = 0; path = UIKit_template.app; sourceTree = BUILT_PRODUCTS_DIR; };
		39C2CE882864583B00FF871A /* AppDelegate.swift */ = {isa = PBXFileReference; lastKnownFileType = sourcecode.swift; path = AppDelegate.swift; sourceTree = "<group>"; };
		39C2CE8A2864583B00FF871A /* SceneDelegate.swift */ = {isa = PBXFileReference; lastKnownFileType = sourcecode.swift; path = SceneDelegate.swift; sourceTree = "<group>"; };
		39C2CE8C2864583B00FF871A /* MainViewController.swift */ = {isa = PBXFileReference; lastKnownFileType = sourcecode.swift; path = MainViewController.swift; sourceTree = "<group>"; };
		39C2CE8F2864583B00FF871A /* Base */ = {isa = PBXFileReference; lastKnownFileType = file.storyboard; name = Base; path = Base.lproj/Main.storyboard; sourceTree = "<group>"; };
		39C2CE912864583C00FF871A /* Assets.xcassets */ = {isa = PBXFileReference; lastKnownFileType = folder.assetcatalog; path = Assets.xcassets; sourceTree = "<group>"; };
		39C2CE942864583C00FF871A /* Base */ = {isa = PBXFileReference; lastKnownFileType = file.storyboard; name = Base; path = Base.lproj/LaunchScreen.storyboard; sourceTree = "<group>"; };
		39C2CE962864583C00FF871A /* Info.plist */ = {isa = PBXFileReference; lastKnownFileType = text.plist.xml; path = Info.plist; sourceTree = "<group>"; };
		39C957C428766C1800A04A2B /* HTTPMethod.swift */ = {isa = PBXFileReference; lastKnownFileType = sourcecode.swift; path = HTTPMethod.swift; sourceTree = "<group>"; };
		39C957C62876BDDF00A04A2B /* APIEnvironment.swift */ = {isa = PBXFileReference; lastKnownFileType = sourcecode.swift; path = APIEnvironment.swift; sourceTree = "<group>"; };
		39C957C82876BE8000A04A2B /* NetworkError.swift */ = {isa = PBXFileReference; lastKnownFileType = sourcecode.swift; path = NetworkError.swift; sourceTree = "<group>"; };
		39C957CA2876BF8100A04A2B /* NetworkRequest.swift */ = {isa = PBXFileReference; lastKnownFileType = sourcecode.swift; path = NetworkRequest.swift; sourceTree = "<group>"; };
		39C957E2287A9CAC00A04A2B /* String+Extension.swift */ = {isa = PBXFileReference; lastKnownFileType = sourcecode.swift; path = "String+Extension.swift"; sourceTree = "<group>"; };
		39C957E6287A9D1D00A04A2B /* Date+Extension.swift */ = {isa = PBXFileReference; lastKnownFileType = sourcecode.swift; path = "Date+Extension.swift"; sourceTree = "<group>"; };
		39C957E8287A9E9D00A04A2B /* UIColor+Extension.swift */ = {isa = PBXFileReference; lastKnownFileType = sourcecode.swift; path = "UIColor+Extension.swift"; sourceTree = "<group>"; };
/* End PBXFileReference section */

/* Begin PBXFrameworksBuildPhase section */
		39C2CE822864583B00FF871A /* Frameworks */ = {
			isa = PBXFrameworksBuildPhase;
			buildActionMask = 2147483647;
			files = (
			);
			runOnlyForDeploymentPostprocessing = 0;
		};
/* End PBXFrameworksBuildPhase section */

/* Begin PBXGroup section */
		39C2CE7C2864583B00FF871A = {
			isa = PBXGroup;
			children = (
				39C2CE872864583B00FF871A /* UIKit_template */,
				39C2CE862864583B00FF871A /* Products */,
			);
			sourceTree = "<group>";
		};
		39C2CE862864583B00FF871A /* Products */ = {
			isa = PBXGroup;
			children = (
				39C2CE852864583B00FF871A /* UIKit_template.app */,
			);
			name = Products;
			sourceTree = "<group>";
		};
		39C2CE872864583B00FF871A /* UIKit_template */ = {
			isa = PBXGroup;
			children = (
				39C2CE9E28645C4900FF871A /* Network */,
				39C2CE9C28645C3D00FF871A /* Screens */,
				39C2CE9D28645C4500FF871A /* Global */,
			);
			path = UIKit_template;
			sourceTree = "<group>";
		};
		39C2CE9C28645C3D00FF871A /* Screens */ = {
			isa = PBXGroup;
			children = (
				39C2CEA028645C6F00FF871A /* Main */,
			);
			path = Screens;
			sourceTree = "<group>";
		};
		39C2CE9D28645C4500FF871A /* Global */ = {
			isa = PBXGroup;
			children = (
				39C2CEA328645C8D00FF871A /* Utils */,
				39C2CEAA28645CB100FF871A /* Literal */,
				39C2CEA928645CAE00FF871A /* Base */,
				39C2CEA828645CAA00FF871A /* Protocol */,
				39C2CEA728645CA500FF871A /* Supports */,
				39C2CEA628645C9F00FF871A /* Extension */,
				39C2CEA528645C9900FF871A /* UIComponent */,
				39C2CEA428645C9200FF871A /* Resource */,
			);
			path = Global;
			sourceTree = "<group>";
		};
		39C2CE9E28645C4900FF871A /* Network */ = {
			isa = PBXGroup;
			children = (
				39C957BF28766ACF00A04A2B /* Foundation */,
				39C2CE9F28645C5600FF871A /* Model */,
			);
			path = Network;
			sourceTree = "<group>";
		};
		39C2CE9F28645C5600FF871A /* Model */ = {
			isa = PBXGroup;
			children = (
			);
			path = Model;
			sourceTree = "<group>";
		};
		39C2CEA028645C6F00FF871A /* Main */ = {
			isa = PBXGroup;
			children = (
				39C2CE8C2864583B00FF871A /* MainViewController.swift */,
				39C2CEA228645C7800FF871A /* Cell */,
				39C2CEA128645C7100FF871A /* UIComponent */,
			);
			path = Main;
			sourceTree = "<group>";
		};
		39C2CEA128645C7100FF871A /* UIComponent */ = {
			isa = PBXGroup;
			children = (
			);
			path = UIComponent;
			sourceTree = "<group>";
		};
		39C2CEA228645C7800FF871A /* Cell */ = {
			isa = PBXGroup;
			children = (
			);
			path = Cell;
			sourceTree = "<group>";
		};
		39C2CEA328645C8D00FF871A /* Utils */ = {
			isa = PBXGroup;
			children = (
			);
			path = Utils;
			sourceTree = "<group>";
		};
		39C2CEA428645C9200FF871A /* Resource */ = {
			isa = PBXGroup;
			children = (
				39C2CE912864583C00FF871A /* Assets.xcassets */,
				39C2CEAE28645D1500FF871A /* GIFs */,
				39C2CEAD28645D1200FF871A /* Fonts */,
				39C2CEAC28645D0B00FF871A /* Stroyboards */,
			);
			path = Resource;
			sourceTree = "<group>";
		};
		39C2CEA528645C9900FF871A /* UIComponent */ = {
			isa = PBXGroup;
			children = (
			);
			path = UIComponent;
			sourceTree = "<group>";
		};
		39C2CEA628645C9F00FF871A /* Extension */ = {
			isa = PBXGroup;
			children = (
				39C957E2287A9CAC00A04A2B /* String+Extension.swift */,
				39C957E6287A9D1D00A04A2B /* Date+Extension.swift */,
				39C957E8287A9E9D00A04A2B /* UIColor+Extension.swift */,
			);
			path = Extension;
			sourceTree = "<group>";
		};
		39C2CEA728645CA500FF871A /* Supports */ = {
			isa = PBXGroup;
			children = (
				39C2CE882864583B00FF871A /* AppDelegate.swift */,
				39C2CE8A2864583B00FF871A /* SceneDelegate.swift */,
				39C2CE962864583C00FF871A /* Info.plist */,
			);
			path = Supports;
			sourceTree = "<group>";
		};
		39C2CEA828645CAA00FF871A /* Protocol */ = {
			isa = PBXGroup;
			children = (
			);
			path = Protocol;
			sourceTree = "<group>";
		};
		39C2CEA928645CAE00FF871A /* Base */ = {
			isa = PBXGroup;
			children = (
			);
			path = Base;
			sourceTree = "<group>";
		};
		39C2CEAA28645CB100FF871A /* Literal */ = {
			isa = PBXGroup;
			children = (
			);
			path = Literal;
			sourceTree = "<group>";
		};
		39C2CEAC28645D0B00FF871A /* Stroyboards */ = {
			isa = PBXGroup;
			children = (
				39C2CE8E2864583B00FF871A /* Main.storyboard */,
				39C2CE932864583C00FF871A /* LaunchScreen.storyboard */,
			);
			path = Stroyboards;
			sourceTree = "<group>";
		};
		39C2CEAD28645D1200FF871A /* Fonts */ = {
			isa = PBXGroup;
			children = (
			);
			path = Fonts;
			sourceTree = "<group>";
		};
		39C2CEAE28645D1500FF871A /* GIFs */ = {
			isa = PBXGroup;
			children = (
			);
			path = GIFs;
			sourceTree = "<group>";
		};
		39C957BF28766ACF00A04A2B /* Foundation */ = {
			isa = PBXGroup;
			children = (
				39C957C428766C1800A04A2B /* HTTPMethod.swift */,
				39C957C62876BDDF00A04A2B /* APIEnvironment.swift */,
				39C957C82876BE8000A04A2B /* NetworkError.swift */,
				39C957CA2876BF8100A04A2B /* NetworkRequest.swift */,
			);
			path = Foundation;
			sourceTree = "<group>";
		};
/* End PBXGroup section */

/* Begin PBXNativeTarget section */
		39C2CE842864583B00FF871A /* UIKit_template */ = {
			isa = PBXNativeTarget;
			buildConfigurationList = 39C2CE992864583C00FF871A /* Build configuration list for PBXNativeTarget "UIKit_template" */;
			buildPhases = (
				39C2CE812864583B00FF871A /* Sources */,
				39C2CE822864583B00FF871A /* Frameworks */,
				39C2CE832864583B00FF871A /* Resources */,
			);
			buildRules = (
			);
			dependencies = (
			);
			name = UIKit_template;
			productName = UIKit_template;
			productReference = 39C2CE852864583B00FF871A /* UIKit_template.app */;
			productType = "com.apple.product-type.application";
		};
/* End PBXNativeTarget section */

/* Begin PBXProject section */
		39C2CE7D2864583B00FF871A /* Project object */ = {
			isa = PBXProject;
			attributes = {
				BuildIndependentTargetsInParallel = 1;
				LastSwiftUpdateCheck = 1330;
				LastUpgradeCheck = 1330;
				TargetAttributes = {
					39C2CE842864583B00FF871A = {
						CreatedOnToolsVersion = 13.3;
					};
				};
			};
			buildConfigurationList = 39C2CE802864583B00FF871A /* Build configuration list for PBXProject "UIKit_template" */;
			compatibilityVersion = "Xcode 13.0";
			developmentRegion = en;
			hasScannedForEncodings = 0;
			knownRegions = (
				en,
				Base,
			);
			mainGroup = 39C2CE7C2864583B00FF871A;
			productRefGroup = 39C2CE862864583B00FF871A /* Products */;
			projectDirPath = "";
			projectRoot = "";
			targets = (
				39C2CE842864583B00FF871A /* UIKit_template */,
			);
		};
/* End PBXProject section */

/* Begin PBXResourcesBuildPhase section */
		39C2CE832864583B00FF871A /* Resources */ = {
			isa = PBXResourcesBuildPhase;
			buildActionMask = 2147483647;
			files = (
				39C2CE952864583C00FF871A /* LaunchScreen.storyboard in Resources */,
				39C2CE922864583C00FF871A /* Assets.xcassets in Resources */,
				39C2CE902864583B00FF871A /* Main.storyboard in Resources */,
			);
			runOnlyForDeploymentPostprocessing = 0;
		};
/* End PBXResourcesBuildPhase section */

/* Begin PBXSourcesBuildPhase section */
		39C2CE812864583B00FF871A /* Sources */ = {
			isa = PBXSourcesBuildPhase;
			buildActionMask = 2147483647;
			files = (
				39C2CE8D2864583B00FF871A /* MainViewController.swift in Sources */,
				39C957E7287A9D1D00A04A2B /* Date+Extension.swift in Sources */,
				39C2CE892864583B00FF871A /* AppDelegate.swift in Sources */,
				39C957E9287A9E9D00A04A2B /* UIColor+Extension.swift in Sources */,
				39C957C72876BDDF00A04A2B /* APIEnvironment.swift in Sources */,
				39C957C528766C1800A04A2B /* HTTPMethod.swift in Sources */,
				39C957C92876BE8000A04A2B /* NetworkError.swift in Sources */,
				39C957CB2876BF8100A04A2B /* NetworkRequest.swift in Sources */,
				39C957E3287A9CAC00A04A2B /* String+Extension.swift in Sources */,
				39C2CE8B2864583B00FF871A /* SceneDelegate.swift in Sources */,
			);
			runOnlyForDeploymentPostprocessing = 0;
		};
/* End PBXSourcesBuildPhase section */

/* Begin PBXVariantGroup section */
		39C2CE8E2864583B00FF871A /* Main.storyboard */ = {
			isa = PBXVariantGroup;
			children = (
				39C2CE8F2864583B00FF871A /* Base */,
			);
			name = Main.storyboard;
			sourceTree = "<group>";
		};
		39C2CE932864583C00FF871A /* LaunchScreen.storyboard */ = {
			isa = PBXVariantGroup;
			children = (
				39C2CE942864583C00FF871A /* Base */,
			);
			name = LaunchScreen.storyboard;
			sourceTree = "<group>";
		};
/* End PBXVariantGroup section */

/* Begin XCBuildConfiguration section */
		39C2CE972864583C00FF871A /* Debug */ = {
			isa = XCBuildConfiguration;
			buildSettings = {
				ALWAYS_SEARCH_USER_PATHS = NO;
				CLANG_ANALYZER_NONNULL = YES;
				CLANG_ANALYZER_NUMBER_OBJECT_CONVERSION = YES_AGGRESSIVE;
				CLANG_CXX_LANGUAGE_STANDARD = "gnu++17";
				CLANG_ENABLE_MODULES = YES;
				CLANG_ENABLE_OBJC_ARC = YES;
				CLANG_ENABLE_OBJC_WEAK = YES;
				CLANG_WARN_BLOCK_CAPTURE_AUTORELEASING = YES;
				CLANG_WARN_BOOL_CONVERSION = YES;
				CLANG_WARN_COMMA = YES;
				CLANG_WARN_CONSTANT_CONVERSION = YES;
				CLANG_WARN_DEPRECATED_OBJC_IMPLEMENTATIONS = YES;
				CLANG_WARN_DIRECT_OBJC_ISA_USAGE = YES_ERROR;
				CLANG_WARN_DOCUMENTATION_COMMENTS = YES;
				CLANG_WARN_EMPTY_BODY = YES;
				CLANG_WARN_ENUM_CONVERSION = YES;
				CLANG_WARN_INFINITE_RECURSION = YES;
				CLANG_WARN_INT_CONVERSION = YES;
				CLANG_WARN_NON_LITERAL_NULL_CONVERSION = YES;
				CLANG_WARN_OBJC_IMPLICIT_RETAIN_SELF = YES;
				CLANG_WARN_OBJC_LITERAL_CONVERSION = YES;
				CLANG_WARN_OBJC_ROOT_CLASS = YES_ERROR;
				CLANG_WARN_QUOTED_INCLUDE_IN_FRAMEWORK_HEADER = YES;
				CLANG_WARN_RANGE_LOOP_ANALYSIS = YES;
				CLANG_WARN_STRICT_PROTOTYPES = YES;
				CLANG_WARN_SUSPICIOUS_MOVE = YES;
				CLANG_WARN_UNGUARDED_AVAILABILITY = YES_AGGRESSIVE;
				CLANG_WARN_UNREACHABLE_CODE = YES;
				CLANG_WARN__DUPLICATE_METHOD_MATCH = YES;
				COPY_PHASE_STRIP = NO;
				DEBUG_INFORMATION_FORMAT = dwarf;
				ENABLE_STRICT_OBJC_MSGSEND = YES;
				ENABLE_TESTABILITY = YES;
				GCC_C_LANGUAGE_STANDARD = gnu11;
				GCC_DYNAMIC_NO_PIC = NO;
				GCC_NO_COMMON_BLOCKS = YES;
				GCC_OPTIMIZATION_LEVEL = 0;
				GCC_PREPROCESSOR_DEFINITIONS = (
					"DEBUG=1",
					"$(inherited)",
				);
				GCC_WARN_64_TO_32_BIT_CONVERSION = YES;
				GCC_WARN_ABOUT_RETURN_TYPE = YES_ERROR;
				GCC_WARN_UNDECLARED_SELECTOR = YES;
				GCC_WARN_UNINITIALIZED_AUTOS = YES_AGGRESSIVE;
				GCC_WARN_UNUSED_FUNCTION = YES;
				GCC_WARN_UNUSED_VARIABLE = YES;
				IPHONEOS_DEPLOYMENT_TARGET = 15.4;
				MTL_ENABLE_DEBUG_INFO = INCLUDE_SOURCE;
				MTL_FAST_MATH = YES;
				ONLY_ACTIVE_ARCH = YES;
				SDKROOT = iphoneos;
				SWIFT_ACTIVE_COMPILATION_CONDITIONS = DEBUG;
				SWIFT_OPTIMIZATION_LEVEL = "-Onone";
			};
			name = Debug;
		};
		39C2CE982864583C00FF871A /* Release */ = {
			isa = XCBuildConfiguration;
			buildSettings = {
				ALWAYS_SEARCH_USER_PATHS = NO;
				CLANG_ANALYZER_NONNULL = YES;
				CLANG_ANALYZER_NUMBER_OBJECT_CONVERSION = YES_AGGRESSIVE;
				CLANG_CXX_LANGUAGE_STANDARD = "gnu++17";
				CLANG_ENABLE_MODULES = YES;
				CLANG_ENABLE_OBJC_ARC = YES;
				CLANG_ENABLE_OBJC_WEAK = YES;
				CLANG_WARN_BLOCK_CAPTURE_AUTORELEASING = YES;
				CLANG_WARN_BOOL_CONVERSION = YES;
				CLANG_WARN_COMMA = YES;
				CLANG_WARN_CONSTANT_CONVERSION = YES;
				CLANG_WARN_DEPRECATED_OBJC_IMPLEMENTATIONS = YES;
				CLANG_WARN_DIRECT_OBJC_ISA_USAGE = YES_ERROR;
				CLANG_WARN_DOCUMENTATION_COMMENTS = YES;
				CLANG_WARN_EMPTY_BODY = YES;
				CLANG_WARN_ENUM_CONVERSION = YES;
				CLANG_WARN_INFINITE_RECURSION = YES;
				CLANG_WARN_INT_CONVERSION = YES;
				CLANG_WARN_NON_LITERAL_NULL_CONVERSION = YES;
				CLANG_WARN_OBJC_IMPLICIT_RETAIN_SELF = YES;
				CLANG_WARN_OBJC_LITERAL_CONVERSION = YES;
				CLANG_WARN_OBJC_ROOT_CLASS = YES_ERROR;
				CLANG_WARN_QUOTED_INCLUDE_IN_FRAMEWORK_HEADER = YES;
				CLANG_WARN_RANGE_LOOP_ANALYSIS = YES;
				CLANG_WARN_STRICT_PROTOTYPES = YES;
				CLANG_WARN_SUSPICIOUS_MOVE = YES;
				CLANG_WARN_UNGUARDED_AVAILABILITY = YES_AGGRESSIVE;
				CLANG_WARN_UNREACHABLE_CODE = YES;
				CLANG_WARN__DUPLICATE_METHOD_MATCH = YES;
				COPY_PHASE_STRIP = NO;
				DEBUG_INFORMATION_FORMAT = "dwarf-with-dsym";
				ENABLE_NS_ASSERTIONS = NO;
				ENABLE_STRICT_OBJC_MSGSEND = YES;
				GCC_C_LANGUAGE_STANDARD = gnu11;
				GCC_NO_COMMON_BLOCKS = YES;
				GCC_WARN_64_TO_32_BIT_CONVERSION = YES;
				GCC_WARN_ABOUT_RETURN_TYPE = YES_ERROR;
				GCC_WARN_UNDECLARED_SELECTOR = YES;
				GCC_WARN_UNINITIALIZED_AUTOS = YES_AGGRESSIVE;
				GCC_WARN_UNUSED_FUNCTION = YES;
				GCC_WARN_UNUSED_VARIABLE = YES;
				IPHONEOS_DEPLOYMENT_TARGET = 15.4;
				MTL_ENABLE_DEBUG_INFO = NO;
				MTL_FAST_MATH = YES;
				SDKROOT = iphoneos;
				SWIFT_COMPILATION_MODE = wholemodule;
				SWIFT_OPTIMIZATION_LEVEL = "-O";
				VALIDATE_PRODUCT = YES;
			};
			name = Release;
		};
		39C2CE9A2864583C00FF871A /* Debug */ = {
			isa = XCBuildConfiguration;
			buildSettings = {
				ASSETCATALOG_COMPILER_APPICON_NAME = AppIcon;
				ASSETCATALOG_COMPILER_GLOBAL_ACCENT_COLOR_NAME = AccentColor;
				CODE_SIGN_STYLE = Automatic;
				CURRENT_PROJECT_VERSION = 1;
				DEVELOPMENT_TEAM = HF8GHZB58X;
				GENERATE_INFOPLIST_FILE = YES;
				INFOPLIST_FILE = UIKit_template/Global/Supports/Info.plist;
				INFOPLIST_KEY_UIApplicationSupportsIndirectInputEvents = YES;
				INFOPLIST_KEY_UILaunchStoryboardName = LaunchScreen;
				INFOPLIST_KEY_UIMainStoryboardFile = Main;
				INFOPLIST_KEY_UISupportedInterfaceOrientations_iPad = "UIInterfaceOrientationPortrait UIInterfaceOrientationPortraitUpsideDown UIInterfaceOrientationLandscapeLeft UIInterfaceOrientationLandscapeRight";
				INFOPLIST_KEY_UISupportedInterfaceOrientations_iPhone = "UIInterfaceOrientationPortrait UIInterfaceOrientationLandscapeLeft UIInterfaceOrientationLandscapeRight";
				LD_RUNPATH_SEARCH_PATHS = (
					"$(inherited)",
					"@executable_path/Frameworks",
				);
				MARKETING_VERSION = 1.0;
				PRODUCT_BUNDLE_IDENTIFIER = "mingwan.UIKit-template";
				PRODUCT_NAME = "$(TARGET_NAME)";
				SWIFT_EMIT_LOC_STRINGS = YES;
				SWIFT_VERSION = 5.0;
				TARGETED_DEVICE_FAMILY = "1,2";
			};
			name = Debug;
		};
		39C2CE9B2864583C00FF871A /* Release */ = {
			isa = XCBuildConfiguration;
			buildSettings = {
				ASSETCATALOG_COMPILER_APPICON_NAME = AppIcon;
				ASSETCATALOG_COMPILER_GLOBAL_ACCENT_COLOR_NAME = AccentColor;
				CODE_SIGN_STYLE = Automatic;
				CURRENT_PROJECT_VERSION = 1;
				DEVELOPMENT_TEAM = HF8GHZB58X;
				GENERATE_INFOPLIST_FILE = YES;
				INFOPLIST_FILE = UIKit_template/Global/Supports/Info.plist;
				INFOPLIST_KEY_UIApplicationSupportsIndirectInputEvents = YES;
				INFOPLIST_KEY_UILaunchStoryboardName = LaunchScreen;
				INFOPLIST_KEY_UIMainStoryboardFile = Main;
				INFOPLIST_KEY_UISupportedInterfaceOrientations_iPad = "UIInterfaceOrientationPortrait UIInterfaceOrientationPortraitUpsideDown UIInterfaceOrientationLandscapeLeft UIInterfaceOrientationLandscapeRight";
				INFOPLIST_KEY_UISupportedInterfaceOrientations_iPhone = "UIInterfaceOrientationPortrait UIInterfaceOrientationLandscapeLeft UIInterfaceOrientationLandscapeRight";
				LD_RUNPATH_SEARCH_PATHS = (
					"$(inherited)",
					"@executable_path/Frameworks",
				);
				MARKETING_VERSION = 1.0;
				PRODUCT_BUNDLE_IDENTIFIER = "mingwan.UIKit-template";
				PRODUCT_NAME = "$(TARGET_NAME)";
				SWIFT_EMIT_LOC_STRINGS = YES;
				SWIFT_VERSION = 5.0;
				TARGETED_DEVICE_FAMILY = "1,2";
			};
			name = Release;
		};
/* End XCBuildConfiguration section */

/* Begin XCConfigurationList section */
		39C2CE802864583B00FF871A /* Build configuration list for PBXProject "UIKit_template" */ = {
			isa = XCConfigurationList;
			buildConfigurations = (
				39C2CE972864583C00FF871A /* Debug */,
				39C2CE982864583C00FF871A /* Release */,
			);
			defaultConfigurationIsVisible = 0;
			defaultConfigurationName = Release;
		};
		39C2CE992864583C00FF871A /* Build configuration list for PBXNativeTarget "UIKit_template" */ = {
			isa = XCConfigurationList;
			buildConfigurations = (
				39C2CE9A2864583C00FF871A /* Debug */,
				39C2CE9B2864583C00FF871A /* Release */,
			);
			defaultConfigurationIsVisible = 0;
			defaultConfigurationName = Release;
		};
/* End XCConfigurationList section */
	};
	rootObject = 39C2CE7D2864583B00FF871A /* Project object */;
}
